
Microsoft Visual Studio Solution File, Format Version 12.00
# Visual Studio Version 16
VisualStudioVersion = 16.0.30225.117
MinimumVisualStudioVersion = 10.0.40219.1
Project("{FAE04EC0-301F-11D3-BF4B-00C04F79EFBC}") = "Dog age calculator", "Dog age calculator\Dog age calculator.csproj", "{2152D0E5-A0F4-4855-B88E-C3C79382D66D}"
EndProject
Global
	GlobalSection(SolutionConfigurationPlatforms) = preSolution
		Debug|Any CPU = Debug|Any CPU
		Release|Any CPU = Release|Any CPU
	EndGlobalSection
	GlobalSection(ProjectConfigurationPlatforms) = postSolution
		{2152D0E5-A0F4-4855-B88E-C3C79382D66D}.Debug|Any CPU.ActiveCfg = Debug|Any CPU
		{2152D0E5-A0F4-4855-B88E-C3C79382D66D}.Debug|Any CPU.Build.0 = Debug|Any CPU
		{2152D0E5-A0F4-4855-B88E-C3C79382D66D}.Release|Any CPU.ActiveCfg = Release|Any CPU
		{2152D0E5-A0F4-4855-B88E-C3C79382D66D}.Release|Any CPU.Build.0 = Release|Any CPU
	EndGlobalSection
	GlobalSection(SolutionProperties) = preSolution
		HideSolutionNode = FALSE
	EndGlobalSection
	GlobalSection(ExtensibilityGlobals) = postSolution
		SolutionGuid = {40FD7588-DB55-419E-B07A-D25C69C820E1}
	EndGlobalSection
EndGlobal
